
Microsoft Visual Studio Solution File, Format Version 12.00
# Visual Studio Version 17
VisualStudioVersion = 17.8.34322.80
MinimumVisualStudioVersion = 10.0.40219.1
Project("{FAE04EC0-301F-11D3-BF4B-00C04F79EFBC}") = "Calculator", "Calculator\Calculator.csproj", "{06CE0193-3993-4A0F-9640-B95451853714}"
EndProject
Project("{FAE04EC0-301F-11D3-BF4B-00C04F79EFBC}") = "Pharmacy.Desktop", "Food.Desktop\Pharmacy.Desktop.csproj", "{BCD814AC-92A2-438F-99B4-A09C4FFC74CF}"
EndProject
Project("{FAE04EC0-301F-11D3-BF4B-00C04F79EFBC}") = "Library.Desktop", "Library.Desktop\Library.Desktop.csproj", "{6686E62F-B266-4276-AE01-0EF01B69D9C0}"
EndProject
Global
	GlobalSection(SolutionConfigurationPlatforms) = preSolution
		Debug|Any CPU = Debug|Any CPU
		Release|Any CPU = Release|Any CPU
	EndGlobalSection
	GlobalSection(ProjectConfigurationPlatforms) = postSolution
		{06CE0193-3993-4A0F-9640-B95451853714}.Debug|Any CPU.ActiveCfg = Debug|Any CPU
		{06CE0193-3993-4A0F-9640-B95451853714}.Debug|Any CPU.Build.0 = Debug|Any CPU
		{06CE0193-3993-4A0F-9640-B95451853714}.Release|Any CPU.ActiveCfg = Release|Any CPU
		{06CE0193-3993-4A0F-9640-B95451853714}.Release|Any CPU.Build.0 = Release|Any CPU
		{BCD814AC-92A2-438F-99B4-A09C4FFC74CF}.Debug|Any CPU.ActiveCfg = Debug|Any CPU
		{BCD814AC-92A2-438F-99B4-A09C4FFC74CF}.Debug|Any CPU.Build.0 = Debug|Any CPU
		{BCD814AC-92A2-438F-99B4-A09C4FFC74CF}.Release|Any CPU.ActiveCfg = Release|Any CPU
		{BCD814AC-92A2-438F-99B4-A09C4FFC74CF}.Release|Any CPU.Build.0 = Release|Any CPU
		{6686E62F-B266-4276-AE01-0EF01B69D9C0}.Debug|Any CPU.ActiveCfg = Debug|Any CPU
		{6686E62F-B266-4276-AE01-0EF01B69D9C0}.Debug|Any CPU.Build.0 = Debug|Any CPU
		{6686E62F-B266-4276-AE01-0EF01B69D9C0}.Release|Any CPU.ActiveCfg = Release|Any CPU
		{6686E62F-B266-4276-AE01-0EF01B69D9C0}.Release|Any CPU.Build.0 = Release|Any CPU
	EndGlobalSection
	GlobalSection(SolutionProperties) = preSolution
		HideSolutionNode = FALSE
	EndGlobalSection
	GlobalSection(ExtensibilityGlobals) = postSolution
		SolutionGuid = {97F5367F-E17E-4B7C-BD54-D062F736CF20}
	EndGlobalSection
EndGlobal
